{
    "_meta": {
        "hash": {
            "sha256": "fe3eb9b481533ab6dc738d8e2b765e8aae7b332d795d97e12ba13f6cf7503302"
        },
        "pipfile-spec": 6,
        "requires": {
            "python_version": "3.10"
        },
        "sources": [
            {
                "name": "pypi",
                "url": "https://pypi.org/simple",
                "verify_ssl": true
            }
        ]
    },
    "default": {
        "pytube": {
            "hashes": [
                "sha256:422a9c2e1d35521f00c692b59c18edbaf2c1e12197bd36745bf00a26875674db",
                "sha256:e6cb158ab16f747eae490a5f49233ddb1f111a425c014fb8a9cda7fcb806a689"
            ],
            "index": "pypi",
            "version": "==12.0.0"
        }
    },
    "develop": {}
}
